
Microsoft Visual Studio Solution File, Format Version 12.00
# Visual Studio Version 16
VisualStudioVersion = 16.0.31019.35
MinimumVisualStudioVersion = 10.0.40219.1
Project("{FAE04EC0-301F-11D3-BF4B-00C04F79EFBC}") = "DCS_UWP", "DCS_UWP\DCS_UWP.csproj", "{C00EDB58-4EA1-41F1-A10D-E179C2F5C982}"
EndProject
Project("{FAE04EC0-301F-11D3-BF4B-00C04F79EFBC}") = "AirFrameDrivers", "AirFrameDrivers\AirFrameDrivers.csproj", "{B20DA3FC-1798-474D-9095-C86C5A2FC165}"
EndProject
Project("{FAE04EC0-301F-11D3-BF4B-00C04F79EFBC}") = "Shared", "Shared\Shared.csproj", "{E9C8354C-FD1C-4B5B-AB57-BACD3FA36A76}"
EndProject
Global
	GlobalSection(SolutionConfigurationPlatforms) = preSolution
		Debug|Any CPU = Debug|Any CPU
		Debug|ARM = Debug|ARM
		Debug|ARM64 = Debug|ARM64
		Debug|x64 = Debug|x64
		Debug|x86 = Debug|x86
		Release|Any CPU = Release|Any CPU
		Release|ARM = Release|ARM
		Release|ARM64 = Release|ARM64
		Release|x64 = Release|x64
		Release|x86 = Release|x86
	EndGlobalSection
	GlobalSection(ProjectConfigurationPlatforms) = postSolution
		{C00EDB58-4EA1-41F1-A10D-E179C2F5C982}.Debug|Any CPU.ActiveCfg = Debug|x86
		{C00EDB58-4EA1-41F1-A10D-E179C2F5C982}.Debug|ARM.ActiveCfg = Debug|ARM
		{C00EDB58-4EA1-41F1-A10D-E179C2F5C982}.Debug|ARM.Build.0 = Debug|ARM
		{C00EDB58-4EA1-41F1-A10D-E179C2F5C982}.Debug|ARM.Deploy.0 = Debug|ARM
		{C00EDB58-4EA1-41F1-A10D-E179C2F5C982}.Debug|ARM64.ActiveCfg = Debug|ARM64
		{C00EDB58-4EA1-41F1-A10D-E179C2F5C982}.Debug|ARM64.Build.0 = Debug|ARM64
		{C00EDB58-4EA1-41F1-A10D-E179C2F5C982}.Debug|ARM64.Deploy.0 = Debug|ARM64
		{C00EDB58-4EA1-41F1-A10D-E179C2F5C982}.Debug|x64.ActiveCfg = Debug|x64
		{C00EDB58-4EA1-41F1-A10D-E179C2F5C982}.Debug|x64.Build.0 = Debug|x64
		{C00EDB58-4EA1-41F1-A10D-E179C2F5C982}.Debug|x64.Deploy.0 = Debug|x64
		{C00EDB58-4EA1-41F1-A10D-E179C2F5C982}.Debug|x86.ActiveCfg = Debug|x86
		{C00EDB58-4EA1-41F1-A10D-E179C2F5C982}.Debug|x86.Build.0 = Debug|x86
		{C00EDB58-4EA1-41F1-A10D-E179C2F5C982}.Debug|x86.Deploy.0 = Debug|x86
		{C00EDB58-4EA1-41F1-A10D-E179C2F5C982}.Release|Any CPU.ActiveCfg = Release|x86
		{C00EDB58-4EA1-41F1-A10D-E179C2F5C982}.Release|ARM.ActiveCfg = Release|ARM
		{C00EDB58-4EA1-41F1-A10D-E179C2F5C982}.Release|ARM.Build.0 = Release|ARM
		{C00EDB58-4EA1-41F1-A10D-E179C2F5C982}.Release|ARM.Deploy.0 = Release|ARM
		{C00EDB58-4EA1-41F1-A10D-E179C2F5C982}.Release|ARM64.ActiveCfg = Release|ARM64
		{C00EDB58-4EA1-41F1-A10D-E179C2F5C982}.Release|ARM64.Build.0 = Release|ARM64
		{C00EDB58-4EA1-41F1-A10D-E179C2F5C982}.Release|ARM64.Deploy.0 = Release|ARM64
		{C00EDB58-4EA1-41F1-A10D-E179C2F5C982}.Release|x64.ActiveCfg = Release|x64
		{C00EDB58-4EA1-41F1-A10D-E179C2F5C982}.Release|x64.Build.0 = Release|x64
		{C00EDB58-4EA1-41F1-A10D-E179C2F5C982}.Release|x64.Deploy.0 = Release|x64
		{C00EDB58-4EA1-41F1-A10D-E179C2F5C982}.Release|x86.ActiveCfg = Release|x86
		{C00EDB58-4EA1-41F1-A10D-E179C2F5C982}.Release|x86.Build.0 = Release|x86
		{C00EDB58-4EA1-41F1-A10D-E179C2F5C982}.Release|x86.Deploy.0 = Release|x86
		{B20DA3FC-1798-474D-9095-C86C5A2FC165}.Debug|Any CPU.ActiveCfg = Debug|Any CPU
		{B20DA3FC-1798-474D-9095-C86C5A2FC165}.Debug|Any CPU.Build.0 = Debug|Any CPU
		{B20DA3FC-1798-474D-9095-C86C5A2FC165}.Debug|ARM.ActiveCfg = Debug|ARM
		{B20DA3FC-1798-474D-9095-C86C5A2FC165}.Debug|ARM.Build.0 = Debug|ARM
		{B20DA3FC-1798-474D-9095-C86C5A2FC165}.Debug|ARM64.ActiveCfg = Debug|ARM64
		{B20DA3FC-1798-474D-9095-C86C5A2FC165}.Debug|ARM64.Build.0 = Debug|ARM64
		{B20DA3FC-1798-474D-9095-C86C5A2FC165}.Debug|x64.ActiveCfg = Debug|x64
		{B20DA3FC-1798-474D-9095-C86C5A2FC165}.Debug|x64.Build.0 = Debug|x64
		{B20DA3FC-1798-474D-9095-C86C5A2FC165}.Debug|x86.ActiveCfg = Debug|x86
		{B20DA3FC-1798-474D-9095-C86C5A2FC165}.Debug|x86.Build.0 = Debug|x86
		{B20DA3FC-1798-474D-9095-C86C5A2FC165}.Release|Any CPU.ActiveCfg = Release|Any CPU
		{B20DA3FC-1798-474D-9095-C86C5A2FC165}.Release|Any CPU.Build.0 = Release|Any CPU
		{B20DA3FC-1798-474D-9095-C86C5A2FC165}.Release|ARM.ActiveCfg = Release|ARM
		{B20DA3FC-1798-474D-9095-C86C5A2FC165}.Release|ARM.Build.0 = Release|ARM
		{B20DA3FC-1798-474D-9095-C86C5A2FC165}.Release|ARM64.ActiveCfg = Release|ARM64
		{B20DA3FC-1798-474D-9095-C86C5A2FC165}.Release|ARM64.Build.0 = Release|ARM64
		{B20DA3FC-1798-474D-9095-C86C5A2FC165}.Release|x64.ActiveCfg = Release|x64
		{B20DA3FC-1798-474D-9095-C86C5A2FC165}.Release|x64.Build.0 = Release|x64
		{B20DA3FC-1798-474D-9095-C86C5A2FC165}.Release|x86.ActiveCfg = Release|x86
		{B20DA3FC-1798-474D-9095-C86C5A2FC165}.Release|x86.Build.0 = Release|x86
		{E9C8354C-FD1C-4B5B-AB57-BACD3FA36A76}.Debug|Any CPU.ActiveCfg = Debug|Any CPU
		{E9C8354C-FD1C-4B5B-AB57-BACD3FA36A76}.Debug|Any CPU.Build.0 = Debug|Any CPU
		{E9C8354C-FD1C-4B5B-AB57-BACD3FA36A76}.Debug|ARM.ActiveCfg = Debug|ARM
		{E9C8354C-FD1C-4B5B-AB57-BACD3FA36A76}.Debug|ARM.Build.0 = Debug|ARM
		{E9C8354C-FD1C-4B5B-AB57-BACD3FA36A76}.Debug|ARM64.ActiveCfg = Debug|ARM64
		{E9C8354C-FD1C-4B5B-AB57-BACD3FA36A76}.Debug|ARM64.Build.0 = Debug|ARM64
		{E9C8354C-FD1C-4B5B-AB57-BACD3FA36A76}.Debug|x64.ActiveCfg = Debug|x64
		{E9C8354C-FD1C-4B5B-AB57-BACD3FA36A76}.Debug|x64.Build.0 = Debug|x64
		{E9C8354C-FD1C-4B5B-AB57-BACD3FA36A76}.Debug|x86.ActiveCfg = Debug|x86
		{E9C8354C-FD1C-4B5B-AB57-BACD3FA36A76}.Debug|x86.Build.0 = Debug|x86
		{E9C8354C-FD1C-4B5B-AB57-BACD3FA36A76}.Release|Any CPU.ActiveCfg = Release|Any CPU
		{E9C8354C-FD1C-4B5B-AB57-BACD3FA36A76}.Release|Any CPU.Build.0 = Release|Any CPU
		{E9C8354C-FD1C-4B5B-AB57-BACD3FA36A76}.Release|ARM.ActiveCfg = Release|ARM
		{E9C8354C-FD1C-4B5B-AB57-BACD3FA36A76}.Release|ARM.Build.0 = Release|ARM
		{E9C8354C-FD1C-4B5B-AB57-BACD3FA36A76}.Release|ARM64.ActiveCfg = Release|ARM64
		{E9C8354C-FD1C-4B5B-AB57-BACD3FA36A76}.Release|ARM64.Build.0 = Release|ARM64
		{E9C8354C-FD1C-4B5B-AB57-BACD3FA36A76}.Release|x64.ActiveCfg = Release|x64
		{E9C8354C-FD1C-4B5B-AB57-BACD3FA36A76}.Release|x64.Build.0 = Release|x64
		{E9C8354C-FD1C-4B5B-AB57-BACD3FA36A76}.Release|x86.ActiveCfg = Release|x86
		{E9C8354C-FD1C-4B5B-AB57-BACD3FA36A76}.Release|x86.Build.0 = Release|x86
	EndGlobalSection
	GlobalSection(SolutionProperties) = preSolution
		HideSolutionNode = FALSE
	EndGlobalSection
	GlobalSection(ExtensibilityGlobals) = postSolution
		SolutionGuid = {46046662-EDBF-4379-A65C-A6E42AABCE07}
	EndGlobalSection
EndGlobal
